
Microsoft Visual Studio Solution File, Format Version 12.00
# Visual Studio 14
VisualStudioVersion = 14.0.25420.1
MinimumVisualStudioVersion = 10.0.40219.1
Project("{FAE04EC0-301F-11D3-BF4B-00C04F79EFBC}") = "Dapper-SimpleExtensions", "Dapper-SimpleExtensions\Dapper-SimpleExtensions.csproj", "{361FF915-EEC1-421E-9C79-1272FCDAF26A}"
EndProject
Project("{FAE04EC0-301F-11D3-BF4B-00C04F79EFBC}") = "Dapper_SimpleExtensions_Test", "Dapper_SimpleExtensions_Test\Dapper_SimpleExtensions_Test.csproj", "{5AB2623F-5674-48EF-8A5C-1C2DC8C9A1FB}"
EndProject
Global
	GlobalSection(SolutionConfigurationPlatforms) = preSolution
		Debug|Any CPU = Debug|Any CPU
		Release|Any CPU = Release|Any CPU
	EndGlobalSection
	GlobalSection(ProjectConfigurationPlatforms) = postSolution
		{361FF915-EEC1-421E-9C79-1272FCDAF26A}.Debug|Any CPU.ActiveCfg = Debug|Any CPU
		{361FF915-EEC1-421E-9C79-1272FCDAF26A}.Debug|Any CPU.Build.0 = Debug|Any CPU
		{361FF915-EEC1-421E-9C79-1272FCDAF26A}.Release|Any CPU.ActiveCfg = Release|Any CPU
		{361FF915-EEC1-421E-9C79-1272FCDAF26A}.Release|Any CPU.Build.0 = Release|Any CPU
		{5AB2623F-5674-48EF-8A5C-1C2DC8C9A1FB}.Debug|Any CPU.ActiveCfg = Debug|Any CPU
		{5AB2623F-5674-48EF-8A5C-1C2DC8C9A1FB}.Debug|Any CPU.Build.0 = Debug|Any CPU
		{5AB2623F-5674-48EF-8A5C-1C2DC8C9A1FB}.Release|Any CPU.ActiveCfg = Release|Any CPU
		{5AB2623F-5674-48EF-8A5C-1C2DC8C9A1FB}.Release|Any CPU.Build.0 = Release|Any CPU
	EndGlobalSection
	GlobalSection(SolutionProperties) = preSolution
		HideSolutionNode = FALSE
	EndGlobalSection
EndGlobal
